# THIS IS AN AUTOGENERATED FILE. DO NOT EDIT THIS FILE DIRECTLY.
# yarn lockfile v1


autotrack@^1.0.3:
  version "1.0.3"
  resolved "https://registry.yarnpkg.com/autotrack/-/autotrack-1.0.3.tgz#9caef961eb9899cfe369e43d4340655233c4ac15"
  dependencies:
    debounce "^1.0.0"
    dom-utils "^0.4.0"
    object-assign "^4.1.0"

date-now@1.0.1:
  version "1.0.1"
  resolved "https://registry.yarnpkg.com/date-now/-/date-now-1.0.1.tgz#bb7d086438debe4182a485fb3df3fbfb99d6153c"

debounce@^1.0.0:
  version "1.0.0"
  resolved "https://registry.yarnpkg.com/debounce/-/debounce-1.0.0.tgz#0948af513d2e4ce407916f8506a423d3f9cf72d8"
  dependencies:
    date-now "1.0.1"

dom-utils@^0.4.0:
  version "0.4.1"
  resolved "https://registry.yarnpkg.com/dom-utils/-/dom-utils-0.4.1.tgz#22f1dbaf5fddecfc0525f2c07e92695744054f5d"

object-assign@^4.1.0:
  version "4.1.1"
  resolved "https://registry.yarnpkg.com/object-assign/-/object-assign-4.1.1.tgz#2109adc7965887cfc05cbbd442cac8bfbb360863"
